
Microsoft Visual Studio Solution File, Format Version 12.00
# Visual Studio Version 17
VisualStudioVersion = 17.9.34902.65
MinimumVisualStudioVersion = 10.0.40219.1
Project("{FAE04EC0-301F-11D3-BF4B-00C04F79EFBC}") = "Spark", "Layer 2 - Application\Spark\Spark.csproj", "{7206AAB2-2D8C-4AC6-ACD7-439742FE0FC7}"
EndProject
Global
	GlobalSection(SolutionConfigurationPlatforms) = preSolution
		Debug|Any CPU = Debug|Any CPU
		Release|Any CPU = Release|Any CPU
	EndGlobalSection
	GlobalSection(ProjectConfigurationPlatforms) = postSolution
		{7206AAB2-2D8C-4AC6-ACD7-439742FE0FC7}.Debug|Any CPU.ActiveCfg = Debug|Any CPU
		{7206AAB2-2D8C-4AC6-ACD7-439742FE0FC7}.Debug|Any CPU.Build.0 = Debug|Any CPU
		{7206AAB2-2D8C-4AC6-ACD7-439742FE0FC7}.Release|Any CPU.ActiveCfg = Release|Any CPU
		{7206AAB2-2D8C-4AC6-ACD7-439742FE0FC7}.Release|Any CPU.Build.0 = Release|Any CPU
	EndGlobalSection
	GlobalSection(SolutionProperties) = preSolution
		HideSolutionNode = FALSE
	EndGlobalSection
	GlobalSection(ExtensibilityGlobals) = postSolution
		SolutionGuid = {A34EE178-945B-4958-9696-4D4068DAAEFB}
	EndGlobalSection
EndGlobal
